
Microsoft Visual Studio Solution File, Format Version 12.00
# Visual Studio Version 17
VisualStudioVersion = 17.5.2.0
MinimumVisualStudioVersion = 10.0.40219.1
Project("{2150E333-8FDC-42A3-9474-1A3956D46DE8}") = "LogicadeProgramaçãoeAlgoritmos", "LogicadeProgramaçãoeAlgoritmos", "{376E52EC-AA11-413E-B265-CBC907305F0E}"
EndProject
Project("{FAE04EC0-301F-11D3-BF4B-00C04F79EFBC}") = "Auala13", "LogicadeProgramaçãoeAlgoritmos\Auala13\Auala13.csproj", "{A82DF3A1-22AF-99C3-5714-7CDFDF4BDBF1}"
EndProject
Global
	GlobalSection(SolutionConfigurationPlatforms) = preSolution
		Debug|Any CPU = Debug|Any CPU
		Release|Any CPU = Release|Any CPU
	EndGlobalSection
	GlobalSection(ProjectConfigurationPlatforms) = postSolution
		{A82DF3A1-22AF-99C3-5714-7CDFDF4BDBF1}.Debug|Any CPU.ActiveCfg = Debug|Any CPU
		{A82DF3A1-22AF-99C3-5714-7CDFDF4BDBF1}.Debug|Any CPU.Build.0 = Debug|Any CPU
		{A82DF3A1-22AF-99C3-5714-7CDFDF4BDBF1}.Release|Any CPU.ActiveCfg = Release|Any CPU
		{A82DF3A1-22AF-99C3-5714-7CDFDF4BDBF1}.Release|Any CPU.Build.0 = Release|Any CPU
	EndGlobalSection
	GlobalSection(SolutionProperties) = preSolution
		HideSolutionNode = FALSE
	EndGlobalSection
	GlobalSection(NestedProjects) = preSolution
		{A82DF3A1-22AF-99C3-5714-7CDFDF4BDBF1} = {376E52EC-AA11-413E-B265-CBC907305F0E}
	EndGlobalSection
	GlobalSection(ExtensibilityGlobals) = postSolution
		SolutionGuid = {26C6FBC2-4BDB-4133-BF17-67B62D9EC372}
	EndGlobalSection
EndGlobal
